
Microsoft Visual Studio Solution File, Format Version 12.00
# Visual Studio 15
VisualStudioVersion = 15.0.28307.852
MinimumVisualStudioVersion = 10.0.40219.1
Project("{8BC9CEB8-8B4A-11D0-8D11-00A0C91BC942}") = "cacheSever", "cacheSever\cacheSever.vcxproj", "{43893809-B033-4D66-BB9B-DC677E7C41DC}"
EndProject
Global
	GlobalSection(SolutionConfigurationPlatforms) = preSolution
		Debug|x64 = Debug|x64
		Debug|x86 = Debug|x86
		Release|x64 = Release|x64
		Release|x86 = Release|x86
	EndGlobalSection
	GlobalSection(ProjectConfigurationPlatforms) = postSolution
		{43893809-B033-4D66-BB9B-DC677E7C41DC}.Debug|x64.ActiveCfg = Debug|x64
		{43893809-B033-4D66-BB9B-DC677E7C41DC}.Debug|x64.Build.0 = Debug|x64
		{43893809-B033-4D66-BB9B-DC677E7C41DC}.Debug|x86.ActiveCfg = Debug|Win32
		{43893809-B033-4D66-BB9B-DC677E7C41DC}.Debug|x86.Build.0 = Debug|Win32
		{43893809-B033-4D66-BB9B-DC677E7C41DC}.Release|x64.ActiveCfg = Release|x64
		{43893809-B033-4D66-BB9B-DC677E7C41DC}.Release|x64.Build.0 = Release|x64
		{43893809-B033-4D66-BB9B-DC677E7C41DC}.Release|x86.ActiveCfg = Release|Win32
		{43893809-B033-4D66-BB9B-DC677E7C41DC}.Release|x86.Build.0 = Release|Win32
	EndGlobalSection
	GlobalSection(SolutionProperties) = preSolution
		HideSolutionNode = FALSE
	EndGlobalSection
	GlobalSection(ExtensibilityGlobals) = postSolution
		SolutionGuid = {79119745-BDF5-4E35-B014-3CA7F9ADC5E5}
	EndGlobalSection
EndGlobal
